
Microsoft Visual Studio Solution File, Format Version 12.00
# Visual Studio Version 17
VisualStudioVersion = 17.9.34310.174
MinimumVisualStudioVersion = 10.0.40219.1
Project("{2150E333-8FDC-42A3-9474-1A3956D46DE8}") = "Services", "Services", "{642A18C1-7453-4235-80BA-A75C2E025112}"
EndProject
Project("{2150E333-8FDC-42A3-9474-1A3956D46DE8}") = "Catalog", "Catalog", "{C31211B8-1CCF-4CFD-BA73-D8C965A57894}"
EndProject
Project("{9A19103F-16F7-4668-BE54-9A1E7A4F7556}") = "Catalog.API", "Catalog.API\Catalog.API.csproj", "{0DC39675-5A15-4774-87A3-1E1A0F2D720B}"
EndProject
Project("{9A19103F-16F7-4668-BE54-9A1E7A4F7556}") = "Catalog.Core", "Catalog.Core\Catalog.Core.csproj", "{BFA89BF0-18B0-4BFB-867C-C5CBEA3BA32E}"
EndProject
Project("{9A19103F-16F7-4668-BE54-9A1E7A4F7556}") = "Catalog.Application", "Catalog.Application\Catalog.Application.csproj", "{82FEB00F-B32A-4D78-AABA-E41BA247622F}"
EndProject
Project("{9A19103F-16F7-4668-BE54-9A1E7A4F7556}") = "Catalog.Infrastructure", "Catalog.Infrastructure\Catalog.Infrastructure.csproj", "{F33C81FE-2A5E-4A48-8993-BF91C2096EB7}"
EndProject
Project("{E53339B2-1760-4266-BCC7-CA923CBCF16C}") = "docker-compose", "docker-compose.dcproj", "{65C6BE5C-B55C-4E21-8620-D82571CA55CC}"
EndProject
Project("{2150E333-8FDC-42A3-9474-1A3956D46DE8}") = "Basket", "Basket", "{B88453E5-90D8-478B-981D-BE9EFCD808EB}"
EndProject
Project("{9A19103F-16F7-4668-BE54-9A1E7A4F7556}") = "Basket.Application", "Basket.Application\Basket.Application.csproj", "{00B7D0F2-00D3-4B61-AA5B-73539ED218C5}"
EndProject
Project("{9A19103F-16F7-4668-BE54-9A1E7A4F7556}") = "Basket.Core", "Basket.Core\Basket.Core.csproj", "{A1A32E26-2125-4114-B9B3-842270A56F14}"
EndProject
Project("{9A19103F-16F7-4668-BE54-9A1E7A4F7556}") = "Basket.Infrastructure", "Basket.Infrastructure\Basket.Infrastructure.csproj", "{00F38254-0C21-4A40-8870-0E2762F64BBC}"
EndProject
Project("{9A19103F-16F7-4668-BE54-9A1E7A4F7556}") = "Basket.API", "Basket.API\Basket.API.csproj", "{BEF6E8A8-71BA-43C8-8CF3-2F10CD84362D}"
EndProject
Project("{2150E333-8FDC-42A3-9474-1A3956D46DE8}") = "Discount", "Discount", "{28481DA5-E415-4146-AF94-9548311B7235}"
EndProject
Project("{9A19103F-16F7-4668-BE54-9A1E7A4F7556}") = "Discount.API", "Discount.API\Discount.API.csproj", "{2F84F285-D54F-4BF9-A696-9833591034E8}"
EndProject
Project("{9A19103F-16F7-4668-BE54-9A1E7A4F7556}") = "Discount.Core", "Discount.Core\Discount.Core.csproj", "{FB6C940B-9BC6-47A7-A6AC-2F5086E5DABE}"
EndProject
Project("{9A19103F-16F7-4668-BE54-9A1E7A4F7556}") = "Discount.Application", "Discount.Application\Discount.Application.csproj", "{6B0D81C3-4769-4065-9803-FCADCC8CE087}"
EndProject
Project("{9A19103F-16F7-4668-BE54-9A1E7A4F7556}") = "Discount.Infrastructure", "Discount.Infrastructure\Discount.Infrastructure.csproj", "{543D3539-DAF5-4C2A-9E0C-E2E9A6702BEC}"
EndProject
Global
	GlobalSection(SolutionConfigurationPlatforms) = preSolution
		Debug|Any CPU = Debug|Any CPU
		Release|Any CPU = Release|Any CPU
	EndGlobalSection
	GlobalSection(ProjectConfigurationPlatforms) = postSolution
		{0DC39675-5A15-4774-87A3-1E1A0F2D720B}.Debug|Any CPU.ActiveCfg = Debug|Any CPU
		{0DC39675-5A15-4774-87A3-1E1A0F2D720B}.Debug|Any CPU.Build.0 = Debug|Any CPU
		{0DC39675-5A15-4774-87A3-1E1A0F2D720B}.Release|Any CPU.ActiveCfg = Release|Any CPU
		{0DC39675-5A15-4774-87A3-1E1A0F2D720B}.Release|Any CPU.Build.0 = Release|Any CPU
		{BFA89BF0-18B0-4BFB-867C-C5CBEA3BA32E}.Debug|Any CPU.ActiveCfg = Debug|Any CPU
		{BFA89BF0-18B0-4BFB-867C-C5CBEA3BA32E}.Debug|Any CPU.Build.0 = Debug|Any CPU
		{BFA89BF0-18B0-4BFB-867C-C5CBEA3BA32E}.Release|Any CPU.ActiveCfg = Release|Any CPU
		{BFA89BF0-18B0-4BFB-867C-C5CBEA3BA32E}.Release|Any CPU.Build.0 = Release|Any CPU
		{82FEB00F-B32A-4D78-AABA-E41BA247622F}.Debug|Any CPU.ActiveCfg = Debug|Any CPU
		{82FEB00F-B32A-4D78-AABA-E41BA247622F}.Debug|Any CPU.Build.0 = Debug|Any CPU
		{82FEB00F-B32A-4D78-AABA-E41BA247622F}.Release|Any CPU.ActiveCfg = Release|Any CPU
		{82FEB00F-B32A-4D78-AABA-E41BA247622F}.Release|Any CPU.Build.0 = Release|Any CPU
		{F33C81FE-2A5E-4A48-8993-BF91C2096EB7}.Debug|Any CPU.ActiveCfg = Debug|Any CPU
		{F33C81FE-2A5E-4A48-8993-BF91C2096EB7}.Debug|Any CPU.Build.0 = Debug|Any CPU
		{F33C81FE-2A5E-4A48-8993-BF91C2096EB7}.Release|Any CPU.ActiveCfg = Release|Any CPU
		{F33C81FE-2A5E-4A48-8993-BF91C2096EB7}.Release|Any CPU.Build.0 = Release|Any CPU
		{65C6BE5C-B55C-4E21-8620-D82571CA55CC}.Debug|Any CPU.ActiveCfg = Debug|Any CPU
		{65C6BE5C-B55C-4E21-8620-D82571CA55CC}.Debug|Any CPU.Build.0 = Debug|Any CPU
		{65C6BE5C-B55C-4E21-8620-D82571CA55CC}.Release|Any CPU.ActiveCfg = Release|Any CPU
		{65C6BE5C-B55C-4E21-8620-D82571CA55CC}.Release|Any CPU.Build.0 = Release|Any CPU
		{00B7D0F2-00D3-4B61-AA5B-73539ED218C5}.Debug|Any CPU.ActiveCfg = Debug|Any CPU
		{00B7D0F2-00D3-4B61-AA5B-73539ED218C5}.Debug|Any CPU.Build.0 = Debug|Any CPU
		{00B7D0F2-00D3-4B61-AA5B-73539ED218C5}.Release|Any CPU.ActiveCfg = Release|Any CPU
		{00B7D0F2-00D3-4B61-AA5B-73539ED218C5}.Release|Any CPU.Build.0 = Release|Any CPU
		{A1A32E26-2125-4114-B9B3-842270A56F14}.Debug|Any CPU.ActiveCfg = Debug|Any CPU
		{A1A32E26-2125-4114-B9B3-842270A56F14}.Debug|Any CPU.Build.0 = Debug|Any CPU
		{A1A32E26-2125-4114-B9B3-842270A56F14}.Release|Any CPU.ActiveCfg = Release|Any CPU
		{A1A32E26-2125-4114-B9B3-842270A56F14}.Release|Any CPU.Build.0 = Release|Any CPU
		{00F38254-0C21-4A40-8870-0E2762F64BBC}.Debug|Any CPU.ActiveCfg = Debug|Any CPU
		{00F38254-0C21-4A40-8870-0E2762F64BBC}.Debug|Any CPU.Build.0 = Debug|Any CPU
		{00F38254-0C21-4A40-8870-0E2762F64BBC}.Release|Any CPU.ActiveCfg = Release|Any CPU
		{00F38254-0C21-4A40-8870-0E2762F64BBC}.Release|Any CPU.Build.0 = Release|Any CPU
		{BEF6E8A8-71BA-43C8-8CF3-2F10CD84362D}.Debug|Any CPU.ActiveCfg = Debug|Any CPU
		{BEF6E8A8-71BA-43C8-8CF3-2F10CD84362D}.Debug|Any CPU.Build.0 = Debug|Any CPU
		{BEF6E8A8-71BA-43C8-8CF3-2F10CD84362D}.Release|Any CPU.ActiveCfg = Release|Any CPU
		{BEF6E8A8-71BA-43C8-8CF3-2F10CD84362D}.Release|Any CPU.Build.0 = Release|Any CPU
		{2F84F285-D54F-4BF9-A696-9833591034E8}.Debug|Any CPU.ActiveCfg = Debug|Any CPU
		{2F84F285-D54F-4BF9-A696-9833591034E8}.Debug|Any CPU.Build.0 = Debug|Any CPU
		{2F84F285-D54F-4BF9-A696-9833591034E8}.Release|Any CPU.ActiveCfg = Release|Any CPU
		{2F84F285-D54F-4BF9-A696-9833591034E8}.Release|Any CPU.Build.0 = Release|Any CPU
		{FB6C940B-9BC6-47A7-A6AC-2F5086E5DABE}.Debug|Any CPU.ActiveCfg = Debug|Any CPU
		{FB6C940B-9BC6-47A7-A6AC-2F5086E5DABE}.Debug|Any CPU.Build.0 = Debug|Any CPU
		{FB6C940B-9BC6-47A7-A6AC-2F5086E5DABE}.Release|Any CPU.ActiveCfg = Release|Any CPU
		{FB6C940B-9BC6-47A7-A6AC-2F5086E5DABE}.Release|Any CPU.Build.0 = Release|Any CPU
		{6B0D81C3-4769-4065-9803-FCADCC8CE087}.Debug|Any CPU.ActiveCfg = Debug|Any CPU
		{6B0D81C3-4769-4065-9803-FCADCC8CE087}.Debug|Any CPU.Build.0 = Debug|Any CPU
		{6B0D81C3-4769-4065-9803-FCADCC8CE087}.Release|Any CPU.ActiveCfg = Release|Any CPU
		{6B0D81C3-4769-4065-9803-FCADCC8CE087}.Release|Any CPU.Build.0 = Release|Any CPU
		{543D3539-DAF5-4C2A-9E0C-E2E9A6702BEC}.Debug|Any CPU.ActiveCfg = Debug|Any CPU
		{543D3539-DAF5-4C2A-9E0C-E2E9A6702BEC}.Debug|Any CPU.Build.0 = Debug|Any CPU
		{543D3539-DAF5-4C2A-9E0C-E2E9A6702BEC}.Release|Any CPU.ActiveCfg = Release|Any CPU
		{543D3539-DAF5-4C2A-9E0C-E2E9A6702BEC}.Release|Any CPU.Build.0 = Release|Any CPU
	EndGlobalSection
	GlobalSection(SolutionProperties) = preSolution
		HideSolutionNode = FALSE
	EndGlobalSection
	GlobalSection(NestedProjects) = preSolution
		{C31211B8-1CCF-4CFD-BA73-D8C965A57894} = {642A18C1-7453-4235-80BA-A75C2E025112}
		{0DC39675-5A15-4774-87A3-1E1A0F2D720B} = {C31211B8-1CCF-4CFD-BA73-D8C965A57894}
		{BFA89BF0-18B0-4BFB-867C-C5CBEA3BA32E} = {C31211B8-1CCF-4CFD-BA73-D8C965A57894}
		{82FEB00F-B32A-4D78-AABA-E41BA247622F} = {C31211B8-1CCF-4CFD-BA73-D8C965A57894}
		{F33C81FE-2A5E-4A48-8993-BF91C2096EB7} = {C31211B8-1CCF-4CFD-BA73-D8C965A57894}
		{B88453E5-90D8-478B-981D-BE9EFCD808EB} = {642A18C1-7453-4235-80BA-A75C2E025112}
		{00B7D0F2-00D3-4B61-AA5B-73539ED218C5} = {B88453E5-90D8-478B-981D-BE9EFCD808EB}
		{A1A32E26-2125-4114-B9B3-842270A56F14} = {B88453E5-90D8-478B-981D-BE9EFCD808EB}
		{00F38254-0C21-4A40-8870-0E2762F64BBC} = {B88453E5-90D8-478B-981D-BE9EFCD808EB}
		{BEF6E8A8-71BA-43C8-8CF3-2F10CD84362D} = {B88453E5-90D8-478B-981D-BE9EFCD808EB}
		{28481DA5-E415-4146-AF94-9548311B7235} = {642A18C1-7453-4235-80BA-A75C2E025112}
		{2F84F285-D54F-4BF9-A696-9833591034E8} = {28481DA5-E415-4146-AF94-9548311B7235}
		{FB6C940B-9BC6-47A7-A6AC-2F5086E5DABE} = {28481DA5-E415-4146-AF94-9548311B7235}
		{6B0D81C3-4769-4065-9803-FCADCC8CE087} = {28481DA5-E415-4146-AF94-9548311B7235}
		{543D3539-DAF5-4C2A-9E0C-E2E9A6702BEC} = {28481DA5-E415-4146-AF94-9548311B7235}
	EndGlobalSection
	GlobalSection(ExtensibilityGlobals) = postSolution
		SolutionGuid = {FC753B5C-5AE3-49B0-AA33-653209DF70CB}
	EndGlobalSection
EndGlobal
